
Microsoft Visual Studio Solution File, Format Version 12.00
# Visual Studio Version 17
VisualStudioVersion = 17.7.34003.232
MinimumVisualStudioVersion = 10.0.40219.1
Project("{9A19103F-16F7-4668-BE54-9A1E7A4F7556}") = "SurfBoardProject", "SurfBoardProject\SurfBoardProject.csproj", "{15EACA24-9823-4F7B-BDEE-5944B427F5E8}"
EndProject
Project("{9A19103F-16F7-4668-BE54-9A1E7A4F7556}") = "API", "API\API.csproj", "{4BBA4DB3-ED9C-418E-9064-0B47D5C7A87A}"
EndProject
Project("{9A19103F-16F7-4668-BE54-9A1E7A4F7556}") = "Lib", "Lib\Lib.csproj", "{E539DECE-F7A1-4280-85CF-B653544BCE8C}"
EndProject
Project("{9A19103F-16F7-4668-BE54-9A1E7A4F7556}") = "MyBlazorShop.Web.BlazorWasm", "..\..\blazor-webassembly-building-your-first-app-3086416\Web\MyBlazorShop.Web.BlazorWasm\MyBlazorShop.Web.BlazorWasm.csproj", "{D998CEDF-5CC6-4D8F-9F51-DA0A20761580}"
EndProject
Global
	GlobalSection(SolutionConfigurationPlatforms) = preSolution
		Debug|Any CPU = Debug|Any CPU
		Release|Any CPU = Release|Any CPU
	EndGlobalSection
	GlobalSection(ProjectConfigurationPlatforms) = postSolution
		{15EACA24-9823-4F7B-BDEE-5944B427F5E8}.Debug|Any CPU.ActiveCfg = Debug|Any CPU
		{15EACA24-9823-4F7B-BDEE-5944B427F5E8}.Debug|Any CPU.Build.0 = Debug|Any CPU
		{15EACA24-9823-4F7B-BDEE-5944B427F5E8}.Release|Any CPU.ActiveCfg = Release|Any CPU
		{15EACA24-9823-4F7B-BDEE-5944B427F5E8}.Release|Any CPU.Build.0 = Release|Any CPU
		{4BBA4DB3-ED9C-418E-9064-0B47D5C7A87A}.Debug|Any CPU.ActiveCfg = Debug|Any CPU
		{4BBA4DB3-ED9C-418E-9064-0B47D5C7A87A}.Debug|Any CPU.Build.0 = Debug|Any CPU
		{4BBA4DB3-ED9C-418E-9064-0B47D5C7A87A}.Release|Any CPU.ActiveCfg = Release|Any CPU
		{4BBA4DB3-ED9C-418E-9064-0B47D5C7A87A}.Release|Any CPU.Build.0 = Release|Any CPU
		{E539DECE-F7A1-4280-85CF-B653544BCE8C}.Debug|Any CPU.ActiveCfg = Debug|Any CPU
		{E539DECE-F7A1-4280-85CF-B653544BCE8C}.Debug|Any CPU.Build.0 = Debug|Any CPU
		{E539DECE-F7A1-4280-85CF-B653544BCE8C}.Release|Any CPU.ActiveCfg = Release|Any CPU
		{E539DECE-F7A1-4280-85CF-B653544BCE8C}.Release|Any CPU.Build.0 = Release|Any CPU
		{D998CEDF-5CC6-4D8F-9F51-DA0A20761580}.Debug|Any CPU.ActiveCfg = Debug|Any CPU
		{D998CEDF-5CC6-4D8F-9F51-DA0A20761580}.Debug|Any CPU.Build.0 = Debug|Any CPU
		{D998CEDF-5CC6-4D8F-9F51-DA0A20761580}.Release|Any CPU.ActiveCfg = Release|Any CPU
		{D998CEDF-5CC6-4D8F-9F51-DA0A20761580}.Release|Any CPU.Build.0 = Release|Any CPU
	EndGlobalSection
	GlobalSection(SolutionProperties) = preSolution
		HideSolutionNode = FALSE
	EndGlobalSection
	GlobalSection(ExtensibilityGlobals) = postSolution
		SolutionGuid = {55B054B8-023E-4FE9-8C56-44D691620028}
	EndGlobalSection
EndGlobal
